{
    "name": "edu_backend_26062024",
    "version": "1.0.0",
    "lockfileVersion": 3,
    "requires": true,
    "packages": {
        "": {
            "name": "edu_backend_26062024",
            "version": "1.0.0",
            "license": "ISC",
            "bin": {
                "run-heads-and-tails": "task-41.js"
            }
        }
    }
}
